{
  "name": "dsh-web-launcher",
  "version": "0.1.0",
  "lockfileVersion": 3,
  "requires": true,
  "packages": {
    "": {
      "name": "dsh-web-launcher",
      "version": "0.1.0",
      "license": "MIT",
      "os": [
        "win32"
      ],
      "dependencies": {
        "windows-shortcut-napi": "1.0.2"
      },
      "bin": {
        "dsh-web-launcher": "bin/dsh-web-launcher.js"
      },
      "engines": {
        "node": ">=20"
      }
    },
    "node_modules/windows-shortcut-napi": {
      "version": "1.0.2",
      "resolved": "https://registry.npmmirror.com/windows-shortcut-napi/-/windows-shortcut-napi-1.0.2.tgz",
      "integrity": "sha512-XuZXi2WohmeFYCDrozrJZAL7WcLVtkZ1iXAXtq+JzuJi5ojSGde99JRJJkx1hwzCDCQgYdwVrbyCPGuO3o2lrA==",
      "license": "ISC",
      "os": [
        "win32"
      ]
    }
  }
}
